// !$*UTF8*$!
{
	archiveVersion = 1;
	classes = {
	};
	objectVersion = 48;
	objects = {

/* Begin PBXBuildFile section */
		7FFEDC5C217DDB978396EDD6 /* libPods-AliPayHome.a in Frameworks */ = {isa = PBXBuildFile; fileRef = 4C311A1076C3569BE840580B /* libPods-AliPayHome.a */; };
		8115B98BE9E444E7027E236D /* libPods-AliPayHomeUITests.a in Frameworks */ = {isa = PBXBuildFile; fileRef = 52DDC6CDC31204C8D66B6E97 /* libPods-AliPayHomeUITests.a */; };
		8AD9AAF9CB3623462F4BFCC6 /* libPods-AliPayHomeTests.a in Frameworks */ = {isa = PBXBuildFile; fileRef = 34CD6EDB177354DA735A442E /* libPods-AliPayHomeTests.a */; };
		FA27DA9C206E293800A4BB2D /* UIView+MSExtension.m in Sources */ = {isa = PBXBuildFile; fileRef = FA27DA9B206E293800A4BB2D /* UIView+MSExtension.m */; };
		FA27DA9F206E33A700A4BB2D /* CustrmNav.m in Sources */ = {isa = PBXBuildFile; fileRef = FA27DA9E206E33A700A4BB2D /* CustrmNav.m */; };
		FA27DAA1206E33B400A4BB2D /* CustrmNav.xib in Resources */ = {isa = PBXBuildFile; fileRef = FA27DAA0206E33B400A4BB2D /* CustrmNav.xib */; };
		FA27DAA4206E4F8D00A4BB2D /* NavBarBottomView.m in Sources */ = {isa = PBXBuildFile; fileRef = FA27DAA3206E4F8D00A4BB2D /* NavBarBottomView.m */; };
		FA27DAA6206E4F9700A4BB2D /* NavBarBottomView.xib in Resources */ = {isa = PBXBuildFile; fileRef = FA27DAA5206E4F9700A4BB2D /* NavBarBottomView.xib */; };
		FA27DAA9206E58CF00A4BB2D /* TabHeaderView.m in Sources */ = {isa = PBXBuildFile; fileRef = FA27DAA8206E58CF00A4BB2D /* TabHeaderView.m */; };
		FA27DAAB206E58D800A4BB2D /* TabHeaderView.xib in Resources */ = {isa = PBXBuildFile; fileRef = FA27DAAA206E58D800A4BB2D /* TabHeaderView.xib */; };
		FA27DAAE206E62DE00A4BB2D /* SlideManger.m in Sources */ = {isa = PBXBuildFile; fileRef = FA27DAAD206E62DE00A4BB2D /* SlideManger.m */; };
		FAB61377206DDF7500D55CC1 /* AppDelegate.m in Sources */ = {isa = PBXBuildFile; fileRef = FAB61376206DDF7500D55CC1 /* AppDelegate.m */; };
		FAB6137D206DDF7500D55CC1 /* Main.storyboard in Resources */ = {isa = PBXBuildFile; fileRef = FAB6137B206DDF7500D55CC1 /* Main.storyboard */; };
		FAB6137F206DDF7600D55CC1 /* Assets.xcassets in Resources */ = {isa = PBXBuildFile; fileRef = FAB6137E206DDF7600D55CC1 /* Assets.xcassets */; };
		FAB61382206DDF7600D55CC1 /* LaunchScreen.storyboard in Resources */ = {isa = PBXBuildFile; fileRef = FAB61380206DDF7600D55CC1 /* LaunchScreen.storyboard */; };
		FAB61385206DDF7600D55CC1 /* main.m in Sources */ = {isa = PBXBuildFile; fileRef = FAB61384206DDF7600D55CC1 /* main.m */; };
		FAB6138F206DDF7600D55CC1 /* AliPayHomeTests.m in Sources */ = {isa = PBXBuildFile; fileRef = FAB6138E206DDF7600D55CC1 /* AliPayHomeTests.m */; };
		FAB6139A206DDF7600D55CC1 /* AliPayHomeUITests.m in Sources */ = {isa = PBXBuildFile; fileRef = FAB61399206DDF7600D55CC1 /* AliPayHomeUITests.m */; };
		FAB613A9206DE27500D55CC1 /* HomeViewController.m in Sources */ = {isa = PBXBuildFile; fileRef = FAB613A8206DE27500D55CC1 /* HomeViewController.m */; };
		FAB613AC206DE29000D55CC1 /* OtherViewController.m in Sources */ = {isa = PBXBuildFile; fileRef = FAB613AB206DE29000D55CC1 /* OtherViewController.m */; };
/* End PBXBuildFile section */

/* Begin PBXContainerItemProxy section */
		FAB6138B206DDF7600D55CC1 /* PBXContainerItemProxy */ = {
			isa = PBXContainerItemProxy;
			containerPortal = FAB6136A206DDF7500D55CC1 /* Project object */;
			proxyType = 1;
			remoteGlobalIDString = FAB61371206DDF7500D55CC1;
			remoteInfo = AliPayHome;
		};
		FAB61396206DDF7600D55CC1 /* PBXContainerItemProxy */ = {
			isa = PBXContainerItemProxy;
			containerPortal = FAB6136A206DDF7500D55CC1 /* Project object */;
			proxyType = 1;
			remoteGlobalIDString = FAB61371206DDF7500D55CC1;
			remoteInfo = AliPayHome;
		};
/* End PBXContainerItemProxy section */

/* Begin PBXFileReference section */
		34CD6EDB177354DA735A442E /* libPods-AliPayHomeTests.a */ = {isa = PBXFileReference; explicitFileType = archive.ar; includeInIndex = 0; path = "libPods-AliPayHomeTests.a"; sourceTree = BUILT_PRODUCTS_DIR; };
		4C311A1076C3569BE840580B /* libPods-AliPayHome.a */ = {isa = PBXFileReference; explicitFileType = archive.ar; includeInIndex = 0; path = "libPods-AliPayHome.a"; sourceTree = BUILT_PRODUCTS_DIR; };
		52DDC6CDC31204C8D66B6E97 /* libPods-AliPayHomeUITests.a */ = {isa = PBXFileReference; explicitFileType = archive.ar; includeInIndex = 0; path = "libPods-AliPayHomeUITests.a"; sourceTree = BUILT_PRODUCTS_DIR; };
		5A0B9441E16BD5D4B6F1E81C /* Pods-AliPayHomeUITests.release.xcconfig */ = {isa = PBXFileReference; includeInIndex = 1; lastKnownFileType = text.xcconfig; name = "Pods-AliPayHomeUITests.release.xcconfig"; path = "Pods/Target Support Files/Pods-AliPayHomeUITests/Pods-AliPayHomeUITests.release.xcconfig"; sourceTree = "<group>"; };
		5D2E01E6B25F54153D35AE76 /* Pods-AliPayHome.debug.xcconfig */ = {isa = PBXFileReference; includeInIndex = 1; lastKnownFileType = text.xcconfig; name = "Pods-AliPayHome.debug.xcconfig"; path = "Pods/Target Support Files/Pods-AliPayHome/Pods-AliPayHome.debug.xcconfig"; sourceTree = "<group>"; };
		8CE669DFFB594F65CD347715 /* Pods-AliPayHomeTests.release.xcconfig */ = {isa = PBXFileReference; includeInIndex = 1; lastKnownFileType = text.xcconfig; name = "Pods-AliPayHomeTests.release.xcconfig"; path = "Pods/Target Support Files/Pods-AliPayHomeTests/Pods-AliPayHomeTests.release.xcconfig"; sourceTree = "<group>"; };
		B25E5D2551F7479DC235302D /* Pods-AliPayHomeUITests.debug.xcconfig */ = {isa = PBXFileReference; includeInIndex = 1; lastKnownFileType = text.xcconfig; name = "Pods-AliPayHomeUITests.debug.xcconfig"; path = "Pods/Target Support Files/Pods-AliPayHomeUITests/Pods-AliPayHomeUITests.debug.xcconfig"; sourceTree = "<group>"; };
		E3D314B6BF7EA912BBBF713F /* Pods-AliPayHome.release.xcconfig */ = {isa = PBXFileReference; includeInIndex = 1; lastKnownFileType = text.xcconfig; name = "Pods-AliPayHome.release.xcconfig"; path = "Pods/Target Support Files/Pods-AliPayHome/Pods-AliPayHome.release.xcconfig"; sourceTree = "<group>"; };
		F86BA46E7CB5470D41EB1F5B /* Pods-AliPayHomeTests.debug.xcconfig */ = {isa = PBXFileReference; includeInIndex = 1; lastKnownFileType = text.xcconfig; name = "Pods-AliPayHomeTests.debug.xcconfig"; path = "Pods/Target Support Files/Pods-AliPayHomeTests/Pods-AliPayHomeTests.debug.xcconfig"; sourceTree = "<group>"; };
		FA27DA99206E27BE00A4BB2D /* AliHome.pch */ = {isa = PBXFileReference; lastKnownFileType = sourcecode.c.h; path = AliHome.pch; sourceTree = "<group>"; };
		FA27DA9A206E293800A4BB2D /* UIView+MSExtension.h */ = {isa = PBXFileReference; fileEncoding = 4; lastKnownFileType = sourcecode.c.h; path = "UIView+MSExtension.h"; sourceTree = "<group>"; };
		FA27DA9B206E293800A4BB2D /* UIView+MSExtension.m */ = {isa = PBXFileReference; fileEncoding = 4; lastKnownFileType = sourcecode.c.objc; path = "UIView+MSExtension.m"; sourceTree = "<group>"; };
		FA27DA9D206E33A700A4BB2D /* CustrmNav.h */ = {isa = PBXFileReference; lastKnownFileType = sourcecode.c.h; path = CustrmNav.h; sourceTree = "<group>"; };
		FA27DA9E206E33A700A4BB2D /* CustrmNav.m */ = {isa = PBXFileReference; lastKnownFileType = sourcecode.c.objc; path = CustrmNav.m; sourceTree = "<group>"; };
		FA27DAA0206E33B400A4BB2D /* CustrmNav.xib */ = {isa = PBXFileReference; lastKnownFileType = file.xib; path = CustrmNav.xib; sourceTree = "<group>"; };
		FA27DAA2206E4F8D00A4BB2D /* NavBarBottomView.h */ = {isa = PBXFileReference; lastKnownFileType = sourcecode.c.h; path = NavBarBottomView.h; sourceTree = "<group>"; };
		FA27DAA3206E4F8D00A4BB2D /* NavBarBottomView.m */ = {isa = PBXFileReference; lastKnownFileType = sourcecode.c.objc; path = NavBarBottomView.m; sourceTree = "<group>"; };
		FA27DAA5206E4F9700A4BB2D /* NavBarBottomView.xib */ = {isa = PBXFileReference; lastKnownFileType = file.xib; path = NavBarBottomView.xib; sourceTree = "<group>"; };
		FA27DAA7206E58CF00A4BB2D /* TabHeaderView.h */ = {isa = PBXFileReference; lastKnownFileType = sourcecode.c.h; path = TabHeaderView.h; sourceTree = "<group>"; };
		FA27DAA8206E58CF00A4BB2D /* TabHeaderView.m */ = {isa = PBXFileReference; lastKnownFileType = sourcecode.c.objc; path = TabHeaderView.m; sourceTree = "<group>"; };
		FA27DAAA206E58D800A4BB2D /* TabHeaderView.xib */ = {isa = PBXFileReference; lastKnownFileType = file.xib; path = TabHeaderView.xib; sourceTree = "<group>"; };
		FA27DAAC206E62DE00A4BB2D /* SlideManger.h */ = {isa = PBXFileReference; lastKnownFileType = sourcecode.c.h; path = SlideManger.h; sourceTree = "<group>"; };
		FA27DAAD206E62DE00A4BB2D /* SlideManger.m */ = {isa = PBXFileReference; lastKnownFileType = sourcecode.c.objc; path = SlideManger.m; sourceTree = "<group>"; };
		FAB61372206DDF7500D55CC1 /* AliPayHome.app */ = {isa = PBXFileReference; explicitFileType = wrapper.application; includeInIndex = 0; path = AliPayHome.app; sourceTree = BUILT_PRODUCTS_DIR; };
		FAB61375206DDF7500D55CC1 /* AppDelegate.h */ = {isa = PBXFileReference; lastKnownFileType = sourcecode.c.h; path = AppDelegate.h; sourceTree = "<group>"; };
		FAB61376206DDF7500D55CC1 /* AppDelegate.m */ = {isa = PBXFileReference; lastKnownFileType = sourcecode.c.objc; path = AppDelegate.m; sourceTree = "<group>"; };
		FAB6137C206DDF7500D55CC1 /* Base */ = {isa = PBXFileReference; lastKnownFileType = file.storyboard; name = Base; path = Base.lproj/Main.storyboard; sourceTree = "<group>"; };
		FAB6137E206DDF7600D55CC1 /* Assets.xcassets */ = {isa = PBXFileReference; lastKnownFileType = folder.assetcatalog; path = Assets.xcassets; sourceTree = "<group>"; };
		FAB61381206DDF7600D55CC1 /* Base */ = {isa = PBXFileReference; lastKnownFileType = file.storyboard; name = Base; path = Base.lproj/LaunchScreen.storyboard; sourceTree = "<group>"; };
		FAB61383206DDF7600D55CC1 /* Info.plist */ = {isa = PBXFileReference; lastKnownFileType = text.plist.xml; path = Info.plist; sourceTree = "<group>"; };
		FAB61384206DDF7600D55CC1 /* main.m */ = {isa = PBXFileReference; lastKnownFileType = sourcecode.c.objc; path = main.m; sourceTree = "<group>"; };
		FAB6138A206DDF7600D55CC1 /* AliPayHomeTests.xctest */ = {isa = PBXFileReference; explicitFileType = wrapper.cfbundle; includeInIndex = 0; path = AliPayHomeTests.xctest; sourceTree = BUILT_PRODUCTS_DIR; };
		FAB6138E206DDF7600D55CC1 /* AliPayHomeTests.m */ = {isa = PBXFileReference; lastKnownFileType = sourcecode.c.objc; path = AliPayHomeTests.m; sourceTree = "<group>"; };
		FAB61390206DDF7600D55CC1 /* Info.plist */ = {isa = PBXFileReference; lastKnownFileType = text.plist.xml; path = Info.plist; sourceTree = "<group>"; };
		FAB61395206DDF7600D55CC1 /* AliPayHomeUITests.xctest */ = {isa = PBXFileReference; explicitFileType = wrapper.cfbundle; includeInIndex = 0; path = AliPayHomeUITests.xctest; sourceTree = BUILT_PRODUCTS_DIR; };
		FAB61399206DDF7600D55CC1 /* AliPayHomeUITests.m */ = {isa = PBXFileReference; lastKnownFileType = sourcecode.c.objc; path = AliPayHomeUITests.m; sourceTree = "<group>"; };
		FAB6139B206DDF7600D55CC1 /* Info.plist */ = {isa = PBXFileReference; lastKnownFileType = text.plist.xml; path = Info.plist; sourceTree = "<group>"; };
		FAB613A7206DE27500D55CC1 /* HomeViewController.h */ = {isa = PBXFileReference; lastKnownFileType = sourcecode.c.h; path = HomeViewController.h; sourceTree = "<group>"; };
		FAB613A8206DE27500D55CC1 /* HomeViewController.m */ = {isa = PBXFileReference; lastKnownFileType = sourcecode.c.objc; path = HomeViewController.m; sourceTree = "<group>"; };
		FAB613AA206DE29000D55CC1 /* OtherViewController.h */ = {isa = PBXFileReference; lastKnownFileType = sourcecode.c.h; path = OtherViewController.h; sourceTree = "<group>"; };
		FAB613AB206DE29000D55CC1 /* OtherViewController.m */ = {isa = PBXFileReference; lastKnownFileType = sourcecode.c.objc; path = OtherViewController.m; sourceTree = "<group>"; };
/* End PBXFileReference section */

/* Begin PBXFrameworksBuildPhase section */
		FAB6136F206DDF7500D55CC1 /* Frameworks */ = {
			isa = PBXFrameworksBuildPhase;
			buildActionMask = 2147483647;
			files = (
				7FFEDC5C217DDB978396EDD6 /* libPods-AliPayHome.a in Frameworks */,
			);
			runOnlyForDeploymentPostprocessing = 0;
		};
		FAB61387206DDF7600D55CC1 /* Frameworks */ = {
			isa = PBXFrameworksBuildPhase;
			buildActionMask = 2147483647;
			files = (
				8AD9AAF9CB3623462F4BFCC6 /* libPods-AliPayHomeTests.a in Frameworks */,
			);
			runOnlyForDeploymentPostprocessing = 0;
		};
		FAB61392206DDF7600D55CC1 /* Frameworks */ = {
			isa = PBXFrameworksBuildPhase;
			buildActionMask = 2147483647;
			files = (
				8115B98BE9E444E7027E236D /* libPods-AliPayHomeUITests.a in Frameworks */,
			);
			runOnlyForDeploymentPostprocessing = 0;
		};
/* End PBXFrameworksBuildPhase section */

/* Begin PBXGroup section */
		E73A58421B2C156ACBEE5D83 /* Frameworks */ = {
			isa = PBXGroup;
			children = (
				4C311A1076C3569BE840580B /* libPods-AliPayHome.a */,
				34CD6EDB177354DA735A442E /* libPods-AliPayHomeTests.a */,
				52DDC6CDC31204C8D66B6E97 /* libPods-AliPayHomeUITests.a */,
			);
			name = Frameworks;
			sourceTree = "<group>";
		};
		E9D9A0C26C83E3442A1BD77E /* Pods */ = {
			isa = PBXGroup;
			children = (
				5D2E01E6B25F54153D35AE76 /* Pods-AliPayHome.debug.xcconfig */,
				E3D314B6BF7EA912BBBF713F /* Pods-AliPayHome.release.xcconfig */,
				F86BA46E7CB5470D41EB1F5B /* Pods-AliPayHomeTests.debug.xcconfig */,
				8CE669DFFB594F65CD347715 /* Pods-AliPayHomeTests.release.xcconfig */,
				B25E5D2551F7479DC235302D /* Pods-AliPayHomeUITests.debug.xcconfig */,
				5A0B9441E16BD5D4B6F1E81C /* Pods-AliPayHomeUITests.release.xcconfig */,
			);
			name = Pods;
			sourceTree = "<group>";
		};
		FAB61369206DDF7500D55CC1 = {
			isa = PBXGroup;
			children = (
				FAB61374206DDF7500D55CC1 /* AliPayHome */,
				FAB6138D206DDF7600D55CC1 /* AliPayHomeTests */,
				FAB61398206DDF7600D55CC1 /* AliPayHomeUITests */,
				FAB61373206DDF7500D55CC1 /* Products */,
				E9D9A0C26C83E3442A1BD77E /* Pods */,
				E73A58421B2C156ACBEE5D83 /* Frameworks */,
			);
			sourceTree = "<group>";
		};
		FAB61373206DDF7500D55CC1 /* Products */ = {
			isa = PBXGroup;
			children = (
				FAB61372206DDF7500D55CC1 /* AliPayHome.app */,
				FAB6138A206DDF7600D55CC1 /* AliPayHomeTests.xctest */,
				FAB61395206DDF7600D55CC1 /* AliPayHomeUITests.xctest */,
			);
			name = Products;
			sourceTree = "<group>";
		};
		FAB61374206DDF7500D55CC1 /* AliPayHome */ = {
			isa = PBXGroup;
			children = (
				FAB61375206DDF7500D55CC1 /* AppDelegate.h */,
				FAB61376206DDF7500D55CC1 /* AppDelegate.m */,
				FA27DA9A206E293800A4BB2D /* UIView+MSExtension.h */,
				FA27DA9B206E293800A4BB2D /* UIView+MSExtension.m */,
				FA27DAAC206E62DE00A4BB2D /* SlideManger.h */,
				FA27DAAD206E62DE00A4BB2D /* SlideManger.m */,
				FAB613A7206DE27500D55CC1 /* HomeViewController.h */,
				FAB613A8206DE27500D55CC1 /* HomeViewController.m */,
				FA27DAA7206E58CF00A4BB2D /* TabHeaderView.h */,
				FA27DAA8206E58CF00A4BB2D /* TabHeaderView.m */,
				FA27DAAA206E58D800A4BB2D /* TabHeaderView.xib */,
				FA27DAA2206E4F8D00A4BB2D /* NavBarBottomView.h */,
				FA27DAA3206E4F8D00A4BB2D /* NavBarBottomView.m */,
				FA27DAA5206E4F9700A4BB2D /* NavBarBottomView.xib */,
				FAB613AA206DE29000D55CC1 /* OtherViewController.h */,
				FAB613AB206DE29000D55CC1 /* OtherViewController.m */,
				FA27DA9D206E33A700A4BB2D /* CustrmNav.h */,
				FA27DA9E206E33A700A4BB2D /* CustrmNav.m */,
				FA27DAA0206E33B400A4BB2D /* CustrmNav.xib */,
				FAB6137B206DDF7500D55CC1 /* Main.storyboard */,
				FAB6137E206DDF7600D55CC1 /* Assets.xcassets */,
				FAB61380206DDF7600D55CC1 /* LaunchScreen.storyboard */,
				FAB61383206DDF7600D55CC1 /* Info.plist */,
				FA27DA99206E27BE00A4BB2D /* AliHome.pch */,
				FAB61384206DDF7600D55CC1 /* main.m */,
			);
			path = AliPayHome;
			sourceTree = "<group>";
		};
		FAB6138D206DDF7600D55CC1 /* AliPayHomeTests */ = {
			isa = PBXGroup;
			children = (
				FAB6138E206DDF7600D55CC1 /* AliPayHomeTests.m */,
				FAB61390206DDF7600D55CC1 /* Info.plist */,
			);
			path = AliPayHomeTests;
			sourceTree = "<group>";
		};
		FAB61398206DDF7600D55CC1 /* AliPayHomeUITests */ = {
			isa = PBXGroup;
			children = (
				FAB61399206DDF7600D55CC1 /* AliPayHomeUITests.m */,
				FAB6139B206DDF7600D55CC1 /* Info.plist */,
			);
			path = AliPayHomeUITests;
			sourceTree = "<group>";
		};
/* End PBXGroup section */

/* Begin PBXNativeTarget section */
		FAB61371206DDF7500D55CC1 /* AliPayHome */ = {
			isa = PBXNativeTarget;
			buildConfigurationList = FAB6139E206DDF7600D55CC1 /* Build configuration list for PBXNativeTarget "AliPayHome" */;
			buildPhases = (
				A8F8C690F0B2673244C1B049 /* [CP] Check Pods Manifest.lock */,
				FAB6136E206DDF7500D55CC1 /* Sources */,
				FAB6136F206DDF7500D55CC1 /* Frameworks */,
				FAB61370206DDF7500D55CC1 /* Resources */,
				AB593F5F221DB4EA47430958 /* [CP] Embed Pods Frameworks */,
				BEB8DB9B0F143A3D804FB52E /* [CP] Copy Pods Resources */,
			);
			buildRules = (
			);
			dependencies = (
			);
			name = AliPayHome;
			productName = AliPayHome;
			productReference = FAB61372206DDF7500D55CC1 /* AliPayHome.app */;
			productType = "com.apple.product-type.application";
		};
		FAB61389206DDF7600D55CC1 /* AliPayHomeTests */ = {
			isa = PBXNativeTarget;
			buildConfigurationList = FAB613A1206DDF7600D55CC1 /* Build configuration list for PBXNativeTarget "AliPayHomeTests" */;
			buildPhases = (
				7725D3C7FFE013E589909326 /* [CP] Check Pods Manifest.lock */,
				FAB61386206DDF7600D55CC1 /* Sources */,
				FAB61387206DDF7600D55CC1 /* Frameworks */,
				FAB61388206DDF7600D55CC1 /* Resources */,
				5BD5F72004ED1E29F14A673D /* [CP] Embed Pods Frameworks */,
				25491EF1BDD8EF32678435DC /* [CP] Copy Pods Resources */,
			);
			buildRules = (
			);
			dependencies = (
				FAB6138C206DDF7600D55CC1 /* PBXTargetDependency */,
			);
			name = AliPayHomeTests;
			productName = AliPayHomeTests;
			productReference = FAB6138A206DDF7600D55CC1 /* AliPayHomeTests.xctest */;
			productType = "com.apple.product-type.bundle.unit-test";
		};
		FAB61394206DDF7600D55CC1 /* AliPayHomeUITests */ = {
			isa = PBXNativeTarget;
			buildConfigurationList = FAB613A4206DDF7600D55CC1 /* Build configuration list for PBXNativeTarget "AliPayHomeUITests" */;
			buildPhases = (
				45C2A444C1E942732FAB376E /* [CP] Check Pods Manifest.lock */,
				FAB61391206DDF7600D55CC1 /* Sources */,
				FAB61392206DDF7600D55CC1 /* Frameworks */,
				FAB61393206DDF7600D55CC1 /* Resources */,
				0F3E8BA6CD0B5D379E446FC1 /* [CP] Embed Pods Frameworks */,
				BE634B6402B7C4A54ED1F1B9 /* [CP] Copy Pods Resources */,
			);
			buildRules = (
			);
			dependencies = (
				FAB61397206DDF7600D55CC1 /* PBXTargetDependency */,
			);
			name = AliPayHomeUITests;
			productName = AliPayHomeUITests;
			productReference = FAB61395206DDF7600D55CC1 /* AliPayHomeUITests.xctest */;
			productType = "com.apple.product-type.bundle.ui-testing";
		};
/* End PBXNativeTarget section */

/* Begin PBXProject section */
		FAB6136A206DDF7500D55CC1 /* Project object */ = {
			isa = PBXProject;
			attributes = {
				LastUpgradeCheck = 0920;
				ORGANIZATIONNAME = shenzhenshihua;
				TargetAttributes = {
					FAB61371206DDF7500D55CC1 = {
						CreatedOnToolsVersion = 9.2;
						ProvisioningStyle = Automatic;
					};
					FAB61389206DDF7600D55CC1 = {
						CreatedOnToolsVersion = 9.2;
						ProvisioningStyle = Automatic;
						TestTargetID = FAB61371206DDF7500D55CC1;
					};
					FAB61394206DDF7600D55CC1 = {
						CreatedOnToolsVersion = 9.2;
						ProvisioningStyle = Automatic;
						TestTargetID = FAB61371206DDF7500D55CC1;
					};
				};
			};
			buildConfigurationList = FAB6136D206DDF7500D55CC1 /* Build configuration list for PBXProject "AliPayHome" */;
			compatibilityVersion = "Xcode 8.0";
			developmentRegion = en;
			hasScannedForEncodings = 0;
			knownRegions = (
				en,
				Base,
			);
			mainGroup = FAB61369206DDF7500D55CC1;
			productRefGroup = FAB61373206DDF7500D55CC1 /* Products */;
			projectDirPath = "";
			projectRoot = "";
			targets = (
				FAB61371206DDF7500D55CC1 /* AliPayHome */,
				FAB61389206DDF7600D55CC1 /* AliPayHomeTests */,
				FAB61394206DDF7600D55CC1 /* AliPayHomeUITests */,
			);
		};
/* End PBXProject section */

/* Begin PBXResourcesBuildPhase section */
		FAB61370206DDF7500D55CC1 /* Resources */ = {
			isa = PBXResourcesBuildPhase;
			buildActionMask = 2147483647;
			files = (
				FAB61382206DDF7600D55CC1 /* LaunchScreen.storyboard in Resources */,
				FA27DAAB206E58D800A4BB2D /* TabHeaderView.xib in Resources */,
				FA27DAA1206E33B400A4BB2D /* CustrmNav.xib in Resources */,
				FAB6137F206DDF7600D55CC1 /* Assets.xcassets in Resources */,
				FAB6137D206DDF7500D55CC1 /* Main.storyboard in Resources */,
				FA27DAA6206E4F9700A4BB2D /* NavBarBottomView.xib in Resources */,
			);
			runOnlyForDeploymentPostprocessing = 0;
		};
		FAB61388206DDF7600D55CC1 /* Resources */ = {
			isa = PBXResourcesBuildPhase;
			buildActionMask = 2147483647;
			files = (
			);
			runOnlyForDeploymentPostprocessing = 0;
		};
		FAB61393206DDF7600D55CC1 /* Resources */ = {
			isa = PBXResourcesBuildPhase;
			buildActionMask = 2147483647;
			files = (
			);
			runOnlyForDeploymentPostprocessing = 0;
		};
/* End PBXResourcesBuildPhase section */

/* Begin PBXShellScriptBuildPhase section */
		0F3E8BA6CD0B5D379E446FC1 /* [CP] Embed Pods Frameworks */ = {
			isa = PBXShellScriptBuildPhase;
			buildActionMask = 2147483647;
			files = (
			);
			inputPaths = (
			);
			name = "[CP] Embed Pods Frameworks";
			outputPaths = (
			);
			runOnlyForDeploymentPostprocessing = 0;
			shellPath = /bin/sh;
			shellScript = "\"${SRCROOT}/Pods/Target Support Files/Pods-AliPayHomeUITests/Pods-AliPayHomeUITests-frameworks.sh\"\n";
			showEnvVarsInLog = 0;
		};
		25491EF1BDD8EF32678435DC /* [CP] Copy Pods Resources */ = {
			isa = PBXShellScriptBuildPhase;
			buildActionMask = 2147483647;
			files = (
			);
			inputPaths = (
			);
			name = "[CP] Copy Pods Resources";
			outputPaths = (
			);
			runOnlyForDeploymentPostprocessing = 0;
			shellPath = /bin/sh;
			shellScript = "\"${SRCROOT}/Pods/Target Support Files/Pods-AliPayHomeTests/Pods-AliPayHomeTests-resources.sh\"\n";
			showEnvVarsInLog = 0;
		};
		45C2A444C1E942732FAB376E /* [CP] Check Pods Manifest.lock */ = {
			isa = PBXShellScriptBuildPhase;
			buildActionMask = 2147483647;
			files = (
			);
			inputPaths = (
				"${PODS_PODFILE_DIR_PATH}/Podfile.lock",
				"${PODS_ROOT}/Manifest.lock",
			);
			name = "[CP] Check Pods Manifest.lock";
			outputPaths = (
				"$(DERIVED_FILE_DIR)/Pods-AliPayHomeUITests-checkManifestLockResult.txt",
			);
			runOnlyForDeploymentPostprocessing = 0;
			shellPath = /bin/sh;
			shellScript = "diff \"${PODS_PODFILE_DIR_PATH}/Podfile.lock\" \"${PODS_ROOT}/Manifest.lock\" > /dev/null\nif [ $? != 0 ] ; then\n    # print error to STDERR\n    echo \"error: The sandbox is not in sync with the Podfile.lock. Run 'pod install' or update your CocoaPods installation.\" >&2\n    exit 1\nfi\n# This output is used by Xcode 'outputs' to avoid re-running this script phase.\necho \"SUCCESS\" > \"${SCRIPT_OUTPUT_FILE_0}\"\n";
			showEnvVarsInLog = 0;
		};
		5BD5F72004ED1E29F14A673D /* [CP] Embed Pods Frameworks */ = {
			isa = PBXShellScriptBuildPhase;
			buildActionMask = 2147483647;
			files = (
			);
			inputPaths = (
			);
			name = "[CP] Embed Pods Frameworks";
			outputPaths = (
			);
			runOnlyForDeploymentPostprocessing = 0;
			shellPath = /bin/sh;
			shellScript = "\"${SRCROOT}/Pods/Target Support Files/Pods-AliPayHomeTests/Pods-AliPayHomeTests-frameworks.sh\"\n";
			showEnvVarsInLog = 0;
		};
		7725D3C7FFE013E589909326 /* [CP] Check Pods Manifest.lock */ = {
			isa = PBXShellScriptBuildPhase;
			buildActionMask = 2147483647;
			files = (
			);
			inputPaths = (
				"${PODS_PODFILE_DIR_PATH}/Podfile.lock",
				"${PODS_ROOT}/Manifest.lock",
			);
			name = "[CP] Check Pods Manifest.lock";
			outputPaths = (
				"$(DERIVED_FILE_DIR)/Pods-AliPayHomeTests-checkManifestLockResult.txt",
			);
			runOnlyForDeploymentPostprocessing = 0;
			shellPath = /bin/sh;
			shellScript = "diff \"${PODS_PODFILE_DIR_PATH}/Podfile.lock\" \"${PODS_ROOT}/Manifest.lock\" > /dev/null\nif [ $? != 0 ] ; then\n    # print error to STDERR\n    echo \"error: The sandbox is not in sync with the Podfile.lock. Run 'pod install' or update your CocoaPods installation.\" >&2\n    exit 1\nfi\n# This output is used by Xcode 'outputs' to avoid re-running this script phase.\necho \"SUCCESS\" > \"${SCRIPT_OUTPUT_FILE_0}\"\n";
			showEnvVarsInLog = 0;
		};
		A8F8C690F0B2673244C1B049 /* [CP] Check Pods Manifest.lock */ = {
			isa = PBXShellScriptBuildPhase;
			buildActionMask = 2147483647;
			files = (
			);
			inputPaths = (
				"${PODS_PODFILE_DIR_PATH}/Podfile.lock",
				"${PODS_ROOT}/Manifest.lock",
			);
			name = "[CP] Check Pods Manifest.lock";
			outputPaths = (
				"$(DERIVED_FILE_DIR)/Pods-AliPayHome-checkManifestLockResult.txt",
			);
			runOnlyForDeploymentPostprocessing = 0;
			shellPath = /bin/sh;
			shellScript = "diff \"${PODS_PODFILE_DIR_PATH}/Podfile.lock\" \"${PODS_ROOT}/Manifest.lock\" > /dev/null\nif [ $? != 0 ] ; then\n    # print error to STDERR\n    echo \"error: The sandbox is not in sync with the Podfile.lock. Run 'pod install' or update your CocoaPods installation.\" >&2\n    exit 1\nfi\n# This output is used by Xcode 'outputs' to avoid re-running this script phase.\necho \"SUCCESS\" > \"${SCRIPT_OUTPUT_FILE_0}\"\n";
			showEnvVarsInLog = 0;
		};
		AB593F5F221DB4EA47430958 /* [CP] Embed Pods Frameworks */ = {
			isa = PBXShellScriptBuildPhase;
			buildActionMask = 2147483647;
			files = (
			);
			inputPaths = (
			);
			name = "[CP] Embed Pods Frameworks";
			outputPaths = (
			);
			runOnlyForDeploymentPostprocessing = 0;
			shellPath = /bin/sh;
			shellScript = "\"${SRCROOT}/Pods/Target Support Files/Pods-AliPayHome/Pods-AliPayHome-frameworks.sh\"\n";
			showEnvVarsInLog = 0;
		};
		BE634B6402B7C4A54ED1F1B9 /* [CP] Copy Pods Resources */ = {
			isa = PBXShellScriptBuildPhase;
			buildActionMask = 2147483647;
			files = (
			);
			inputPaths = (
			);
			name = "[CP] Copy Pods Resources";
			outputPaths = (
			);
			runOnlyForDeploymentPostprocessing = 0;
			shellPath = /bin/sh;
			shellScript = "\"${SRCROOT}/Pods/Target Support Files/Pods-AliPayHomeUITests/Pods-AliPayHomeUITests-resources.sh\"\n";
			showEnvVarsInLog = 0;
		};
		BEB8DB9B0F143A3D804FB52E /* [CP] Copy Pods Resources */ = {
			isa = PBXShellScriptBuildPhase;
			buildActionMask = 2147483647;
			files = (
			);
			inputPaths = (
				"${SRCROOT}/Pods/Target Support Files/Pods-AliPayHome/Pods-AliPayHome-resources.sh",
				"${PODS_ROOT}/MJRefresh/MJRefresh/MJRefresh.bundle",
			);
			name = "[CP] Copy Pods Resources";
			outputPaths = (
				"${TARGET_BUILD_DIR}/${UNLOCALIZED_RESOURCES_FOLDER_PATH}/MJRefresh.bundle",
			);
			runOnlyForDeploymentPostprocessing = 0;
			shellPath = /bin/sh;
			shellScript = "\"${SRCROOT}/Pods/Target Support Files/Pods-AliPayHome/Pods-AliPayHome-resources.sh\"\n";
			showEnvVarsInLog = 0;
		};
/* End PBXShellScriptBuildPhase section */

/* Begin PBXSourcesBuildPhase section */
		FAB6136E206DDF7500D55CC1 /* Sources */ = {
			isa = PBXSourcesBuildPhase;
			buildActionMask = 2147483647;
			files = (
				FAB61385206DDF7600D55CC1 /* main.m in Sources */,
				FA27DAA4206E4F8D00A4BB2D /* NavBarBottomView.m in Sources */,
				FA27DAAE206E62DE00A4BB2D /* SlideManger.m in Sources */,
				FA27DA9F206E33A700A4BB2D /* CustrmNav.m in Sources */,
				FAB613AC206DE29000D55CC1 /* OtherViewController.m in Sources */,
				FAB61377206DDF7500D55CC1 /* AppDelegate.m in Sources */,
				FA27DAA9206E58CF00A4BB2D /* TabHeaderView.m in Sources */,
				FA27DA9C206E293800A4BB2D /* UIView+MSExtension.m in Sources */,
				FAB613A9206DE27500D55CC1 /* HomeViewController.m in Sources */,
			);
			runOnlyForDeploymentPostprocessing = 0;
		};
		FAB61386206DDF7600D55CC1 /* Sources */ = {
			isa = PBXSourcesBuildPhase;
			buildActionMask = 2147483647;
			files = (
				FAB6138F206DDF7600D55CC1 /* AliPayHomeTests.m in Sources */,
			);
			runOnlyForDeploymentPostprocessing = 0;
		};
		FAB61391206DDF7600D55CC1 /* Sources */ = {
			isa = PBXSourcesBuildPhase;
			buildActionMask = 2147483647;
			files = (
				FAB6139A206DDF7600D55CC1 /* AliPayHomeUITests.m in Sources */,
			);
			runOnlyForDeploymentPostprocessing = 0;
		};
/* End PBXSourcesBuildPhase section */

/* Begin PBXTargetDependency section */
		FAB6138C206DDF7600D55CC1 /* PBXTargetDependency */ = {
			isa = PBXTargetDependency;
			target = FAB61371206DDF7500D55CC1 /* AliPayHome */;
			targetProxy = FAB6138B206DDF7600D55CC1 /* PBXContainerItemProxy */;
		};
		FAB61397206DDF7600D55CC1 /* PBXTargetDependency */ = {
			isa = PBXTargetDependency;
			target = FAB61371206DDF7500D55CC1 /* AliPayHome */;
			targetProxy = FAB61396206DDF7600D55CC1 /* PBXContainerItemProxy */;
		};
/* End PBXTargetDependency section */

/* Begin PBXVariantGroup section */
		FAB6137B206DDF7500D55CC1 /* Main.storyboard */ = {
			isa = PBXVariantGroup;
			children = (
				FAB6137C206DDF7500D55CC1 /* Base */,
			);
			name = Main.storyboard;
			sourceTree = "<group>";
		};
		FAB61380206DDF7600D55CC1 /* LaunchScreen.storyboard */ = {
			isa = PBXVariantGroup;
			children = (
				FAB61381206DDF7600D55CC1 /* Base */,
			);
			name = LaunchScreen.storyboard;
			sourceTree = "<group>";
		};
/* End PBXVariantGroup section */

/* Begin XCBuildConfiguration section */
		FAB6139C206DDF7600D55CC1 /* Debug */ = {
			isa = XCBuildConfiguration;
			buildSettings = {
				ALWAYS_SEARCH_USER_PATHS = NO;
				CLANG_ANALYZER_NONNULL = YES;
				CLANG_ANALYZER_NUMBER_OBJECT_CONVERSION = YES_AGGRESSIVE;
				CLANG_CXX_LANGUAGE_STANDARD = "gnu++14";
				CLANG_CXX_LIBRARY = "libc++";
				CLANG_ENABLE_MODULES = YES;
				CLANG_ENABLE_OBJC_ARC = YES;
				CLANG_WARN_BLOCK_CAPTURE_AUTORELEASING = YES;
				CLANG_WARN_BOOL_CONVERSION = YES;
				CLANG_WARN_COMMA = YES;
				CLANG_WARN_CONSTANT_CONVERSION = YES;
				CLANG_WARN_DIRECT_OBJC_ISA_USAGE = YES_ERROR;
				CLANG_WARN_DOCUMENTATION_COMMENTS = YES;
				CLANG_WARN_EMPTY_BODY = YES;
				CLANG_WARN_ENUM_CONVERSION = YES;
				CLANG_WARN_INFINITE_RECURSION = YES;
				CLANG_WARN_INT_CONVERSION = YES;
				CLANG_WARN_NON_LITERAL_NULL_CONVERSION = YES;
				CLANG_WARN_OBJC_LITERAL_CONVERSION = YES;
				CLANG_WARN_OBJC_ROOT_CLASS = YES_ERROR;
				CLANG_WARN_RANGE_LOOP_ANALYSIS = YES;
				CLANG_WARN_STRICT_PROTOTYPES = YES;
				CLANG_WARN_SUSPICIOUS_MOVE = YES;
				CLANG_WARN_UNGUARDED_AVAILABILITY = YES_AGGRESSIVE;
				CLANG_WARN_UNREACHABLE_CODE = YES;
				CLANG_WARN__DUPLICATE_METHOD_MATCH = YES;
				CODE_SIGN_IDENTITY = "iPhone Developer";
				COPY_PHASE_STRIP = NO;
				DEBUG_INFORMATION_FORMAT = dwarf;
				ENABLE_STRICT_OBJC_MSGSEND = YES;
				ENABLE_TESTABILITY = YES;
				GCC_C_LANGUAGE_STANDARD = gnu11;
				GCC_DYNAMIC_NO_PIC = NO;
				GCC_NO_COMMON_BLOCKS = YES;
				GCC_OPTIMIZATION_LEVEL = 0;
				GCC_PREPROCESSOR_DEFINITIONS = (
					"DEBUG=1",
					"$(inherited)",
				);
				GCC_WARN_64_TO_32_BIT_CONVERSION = YES;
				GCC_WARN_ABOUT_RETURN_TYPE = YES_ERROR;
				GCC_WARN_UNDECLARED_SELECTOR = YES;
				GCC_WARN_UNINITIALIZED_AUTOS = YES_AGGRESSIVE;
				GCC_WARN_UNUSED_FUNCTION = YES;
				GCC_WARN_UNUSED_VARIABLE = YES;
				IPHONEOS_DEPLOYMENT_TARGET = 11.2;
				MTL_ENABLE_DEBUG_INFO = YES;
				ONLY_ACTIVE_ARCH = YES;
				SDKROOT = iphoneos;
			};
			name = Debug;
		};
		FAB6139D206DDF7600D55CC1 /* Release */ = {
			isa = XCBuildConfiguration;
			buildSettings = {
				ALWAYS_SEARCH_USER_PATHS = NO;
				CLANG_ANALYZER_NONNULL = YES;
				CLANG_ANALYZER_NUMBER_OBJECT_CONVERSION = YES_AGGRESSIVE;
				CLANG_CXX_LANGUAGE_STANDARD = "gnu++14";
				CLANG_CXX_LIBRARY = "libc++";
				CLANG_ENABLE_MODULES = YES;
				CLANG_ENABLE_OBJC_ARC = YES;
				CLANG_WARN_BLOCK_CAPTURE_AUTORELEASING = YES;
				CLANG_WARN_BOOL_CONVERSION = YES;
				CLANG_WARN_COMMA = YES;
				CLANG_WARN_CONSTANT_CONVERSION = YES;
				CLANG_WARN_DIRECT_OBJC_ISA_USAGE = YES_ERROR;
				CLANG_WARN_DOCUMENTATION_COMMENTS = YES;
				CLANG_WARN_EMPTY_BODY = YES;
				CLANG_WARN_ENUM_CONVERSION = YES;
				CLANG_WARN_INFINITE_RECURSION = YES;
				CLANG_WARN_INT_CONVERSION = YES;
				CLANG_WARN_NON_LITERAL_NULL_CONVERSION = YES;
				CLANG_WARN_OBJC_LITERAL_CONVERSION = YES;
				CLANG_WARN_OBJC_ROOT_CLASS = YES_ERROR;
				CLANG_WARN_RANGE_LOOP_ANALYSIS = YES;
				CLANG_WARN_STRICT_PROTOTYPES = YES;
				CLANG_WARN_SUSPICIOUS_MOVE = YES;
				CLANG_WARN_UNGUARDED_AVAILABILITY = YES_AGGRESSIVE;
				CLANG_WARN_UNREACHABLE_CODE = YES;
				CLANG_WARN__DUPLICATE_METHOD_MATCH = YES;
				CODE_SIGN_IDENTITY = "iPhone Developer";
				COPY_PHASE_STRIP = NO;
				DEBUG_INFORMATION_FORMAT = "dwarf-with-dsym";
				ENABLE_NS_ASSERTIONS = NO;
				ENABLE_STRICT_OBJC_MSGSEND = YES;
				GCC_C_LANGUAGE_STANDARD = gnu11;
				GCC_NO_COMMON_BLOCKS = YES;
				GCC_WARN_64_TO_32_BIT_CONVERSION = YES;
				GCC_WARN_ABOUT_RETURN_TYPE = YES_ERROR;
				GCC_WARN_UNDECLARED_SELECTOR = YES;
				GCC_WARN_UNINITIALIZED_AUTOS = YES_AGGRESSIVE;
				GCC_WARN_UNUSED_FUNCTION = YES;
				GCC_WARN_UNUSED_VARIABLE = YES;
				IPHONEOS_DEPLOYMENT_TARGET = 11.2;
				MTL_ENABLE_DEBUG_INFO = NO;
				SDKROOT = iphoneos;
				VALIDATE_PRODUCT = YES;
			};
			name = Release;
		};
		FAB6139F206DDF7600D55CC1 /* Debug */ = {
			isa = XCBuildConfiguration;
			baseConfigurationReference = 5D2E01E6B25F54153D35AE76 /* Pods-AliPayHome.debug.xcconfig */;
			buildSettings = {
				ASSETCATALOG_COMPILER_APPICON_NAME = AppIcon;
				CODE_SIGN_STYLE = Automatic;
				DEVELOPMENT_TEAM = G4E6298X77;
				GCC_PRECOMPILE_PREFIX_HEADER = YES;
				GCC_PREFIX_HEADER = "$(SRCROOT)/AliPayHome/AliHome.pch";
				INFOPLIST_FILE = AliPayHome/Info.plist;
				IPHONEOS_DEPLOYMENT_TARGET = 9.0;
				LD_RUNPATH_SEARCH_PATHS = "$(inherited) @executable_path/Frameworks";
				PRODUCT_BUNDLE_IDENTIFIER = SH.AliPayHome;
				PRODUCT_NAME = "$(TARGET_NAME)";
				TARGETED_DEVICE_FAMILY = "1,2";
			};
			name = Debug;
		};
		FAB613A0206DDF7600D55CC1 /* Release */ = {
			isa = XCBuildConfiguration;
			baseConfigurationReference = E3D314B6BF7EA912BBBF713F /* Pods-AliPayHome.release.xcconfig */;
			buildSettings = {
				ASSETCATALOG_COMPILER_APPICON_NAME = AppIcon;
				CODE_SIGN_STYLE = Automatic;
				DEVELOPMENT_TEAM = G4E6298X77;
				GCC_PRECOMPILE_PREFIX_HEADER = YES;
				GCC_PREFIX_HEADER = "$(SRCROOT)/AliPayHome/AliHome.pch";
				INFOPLIST_FILE = AliPayHome/Info.plist;
				IPHONEOS_DEPLOYMENT_TARGET = 9.0;
				LD_RUNPATH_SEARCH_PATHS = "$(inherited) @executable_path/Frameworks";
				PRODUCT_BUNDLE_IDENTIFIER = SH.AliPayHome;
				PRODUCT_NAME = "$(TARGET_NAME)";
				TARGETED_DEVICE_FAMILY = "1,2";
			};
			name = Release;
		};
		FAB613A2206DDF7600D55CC1 /* Debug */ = {
			isa = XCBuildConfiguration;
			baseConfigurationReference = F86BA46E7CB5470D41EB1F5B /* Pods-AliPayHomeTests.debug.xcconfig */;
			buildSettings = {
				BUNDLE_LOADER = "$(TEST_HOST)";
				CODE_SIGN_STYLE = Automatic;
				DEVELOPMENT_TEAM = G4E6298X77;
				INFOPLIST_FILE = AliPayHomeTests/Info.plist;
				LD_RUNPATH_SEARCH_PATHS = "$(inherited) @executable_path/Frameworks @loader_path/Frameworks";
				PRODUCT_BUNDLE_IDENTIFIER = SH.AliPayHomeTests;
				PRODUCT_NAME = "$(TARGET_NAME)";
				TARGETED_DEVICE_FAMILY = "1,2";
				TEST_HOST = "$(BUILT_PRODUCTS_DIR)/AliPayHome.app/AliPayHome";
			};
			name = Debug;
		};
		FAB613A3206DDF7600D55CC1 /* Release */ = {
			isa = XCBuildConfiguration;
			baseConfigurationReference = 8CE669DFFB594F65CD347715 /* Pods-AliPayHomeTests.release.xcconfig */;
			buildSettings = {
				BUNDLE_LOADER = "$(TEST_HOST)";
				CODE_SIGN_STYLE = Automatic;
				DEVELOPMENT_TEAM = G4E6298X77;
				INFOPLIST_FILE = AliPayHomeTests/Info.plist;
				LD_RUNPATH_SEARCH_PATHS = "$(inherited) @executable_path/Frameworks @loader_path/Frameworks";
				PRODUCT_BUNDLE_IDENTIFIER = SH.AliPayHomeTests;
				PRODUCT_NAME = "$(TARGET_NAME)";
				TARGETED_DEVICE_FAMILY = "1,2";
				TEST_HOST = "$(BUILT_PRODUCTS_DIR)/AliPayHome.app/AliPayHome";
			};
			name = Release;
		};
		FAB613A5206DDF7600D55CC1 /* Debug */ = {
			isa = XCBuildConfiguration;
			baseConfigurationReference = B25E5D2551F7479DC235302D /* Pods-AliPayHomeUITests.debug.xcconfig */;
			buildSettings = {
				CODE_SIGN_STYLE = Automatic;
				DEVELOPMENT_TEAM = G4E6298X77;
				INFOPLIST_FILE = AliPayHomeUITests/Info.plist;
				LD_RUNPATH_SEARCH_PATHS = "$(inherited) @executable_path/Frameworks @loader_path/Frameworks";
				PRODUCT_BUNDLE_IDENTIFIER = SH.AliPayHomeUITests;
				PRODUCT_NAME = "$(TARGET_NAME)";
				TARGETED_DEVICE_FAMILY = "1,2";
				TEST_TARGET_NAME = AliPayHome;
			};
			name = Debug;
		};
		FAB613A6206DDF7600D55CC1 /* Release */ = {
			isa = XCBuildConfiguration;
			baseConfigurationReference = 5A0B9441E16BD5D4B6F1E81C /* Pods-AliPayHomeUITests.release.xcconfig */;
			buildSettings = {
				CODE_SIGN_STYLE = Automatic;
				DEVELOPMENT_TEAM = G4E6298X77;
				INFOPLIST_FILE = AliPayHomeUITests/Info.plist;
				LD_RUNPATH_SEARCH_PATHS = "$(inherited) @executable_path/Frameworks @loader_path/Frameworks";
				PRODUCT_BUNDLE_IDENTIFIER = SH.AliPayHomeUITests;
				PRODUCT_NAME = "$(TARGET_NAME)";
				TARGETED_DEVICE_FAMILY = "1,2";
				TEST_TARGET_NAME = AliPayHome;
			};
			name = Release;
		};
/* End XCBuildConfiguration section */

/* Begin XCConfigurationList section */
		FAB6136D206DDF7500D55CC1 /* Build configuration list for PBXProject "AliPayHome" */ = {
			isa = XCConfigurationList;
			buildConfigurations = (
				FAB6139C206DDF7600D55CC1 /* Debug */,
				FAB6139D206DDF7600D55CC1 /* Release */,
			);
			defaultConfigurationIsVisible = 0;
			defaultConfigurationName = Release;
		};
		FAB6139E206DDF7600D55CC1 /* Build configuration list for PBXNativeTarget "AliPayHome" */ = {
			isa = XCConfigurationList;
			buildConfigurations = (
				FAB6139F206DDF7600D55CC1 /* Debug */,
				FAB613A0206DDF7600D55CC1 /* Release */,
			);
			defaultConfigurationIsVisible = 0;
			defaultConfigurationName = Release;
		};
		FAB613A1206DDF7600D55CC1 /* Build configuration list for PBXNativeTarget "AliPayHomeTests" */ = {
			isa = XCConfigurationList;
			buildConfigurations = (
				FAB613A2206DDF7600D55CC1 /* Debug */,
				FAB613A3206DDF7600D55CC1 /* Release */,
			);
			defaultConfigurationIsVisible = 0;
			defaultConfigurationName = Release;
		};
		FAB613A4206DDF7600D55CC1 /* Build configuration list for PBXNativeTarget "AliPayHomeUITests" */ = {
			isa = XCConfigurationList;
			buildConfigurations = (
				FAB613A5206DDF7600D55CC1 /* Debug */,
				FAB613A6206DDF7600D55CC1 /* Release */,
			);
			defaultConfigurationIsVisible = 0;
			defaultConfigurationName = Release;
		};
/* End XCConfigurationList section */
	};
	rootObject = FAB6136A206DDF7500D55CC1 /* Project object */;
}
